
Microsoft Visual Studio Solution File, Format Version 12.00
# Visual Studio 15
VisualStudioVersion = 15.0.27004.2009
MinimumVisualStudioVersion = 10.0.40219.1
Project("{FAE04EC0-301F-11D3-BF4B-00C04F79EFBC}") = "EditorImportacion", "EditorImportacion\EditorImportacion.csproj", "{BB9956BE-BB8D-4695-8432-672ADF6003BA}"
EndProject
Project("{FAE04EC0-301F-11D3-BF4B-00C04F79EFBC}") = "SrvRRF", "SrvRRF\SrvRRF.csproj", "{656D932D-FC3E-4968-AA1E-8B751D6ECF0E}"
EndProject
Global
	GlobalSection(SolutionConfigurationPlatforms) = preSolution
		Debug|Any CPU = Debug|Any CPU
		Release|Any CPU = Release|Any CPU
	EndGlobalSection
	GlobalSection(ProjectConfigurationPlatforms) = postSolution
		{BB9956BE-BB8D-4695-8432-672ADF6003BA}.Debug|Any CPU.ActiveCfg = Debug|Any CPU
		{BB9956BE-BB8D-4695-8432-672ADF6003BA}.Debug|Any CPU.Build.0 = Debug|Any CPU
		{BB9956BE-BB8D-4695-8432-672ADF6003BA}.Release|Any CPU.ActiveCfg = Release|Any CPU
		{BB9956BE-BB8D-4695-8432-672ADF6003BA}.Release|Any CPU.Build.0 = Release|Any CPU
		{656D932D-FC3E-4968-AA1E-8B751D6ECF0E}.Debug|Any CPU.ActiveCfg = Debug|Any CPU
		{656D932D-FC3E-4968-AA1E-8B751D6ECF0E}.Debug|Any CPU.Build.0 = Debug|Any CPU
		{656D932D-FC3E-4968-AA1E-8B751D6ECF0E}.Release|Any CPU.ActiveCfg = Release|Any CPU
		{656D932D-FC3E-4968-AA1E-8B751D6ECF0E}.Release|Any CPU.Build.0 = Release|Any CPU
	EndGlobalSection
	GlobalSection(SolutionProperties) = preSolution
		HideSolutionNode = FALSE
	EndGlobalSection
	GlobalSection(ExtensibilityGlobals) = postSolution
		SolutionGuid = {996A066E-A62D-4976-B611-C27E2B838FF9}
	EndGlobalSection
EndGlobal
